
Microsoft Visual Studio Solution File, Format Version 12.00
# Visual Studio Version 16
VisualStudioVersion = 16.0.30104.148
MinimumVisualStudioVersion = 10.0.40219.1
Project("{FAE04EC0-301F-11D3-BF4B-00C04F79EFBC}") = "Roommates", "Roommates\Roommates.csproj", "{E34FF8FA-9560-4140-901E-B1CB0454DA80}"
EndProject
Global
	GlobalSection(SolutionConfigurationPlatforms) = preSolution
		Debug|Any CPU = Debug|Any CPU
		Release|Any CPU = Release|Any CPU
	EndGlobalSection
	GlobalSection(ProjectConfigurationPlatforms) = postSolution
		{E34FF8FA-9560-4140-901E-B1CB0454DA80}.Debug|Any CPU.ActiveCfg = Debug|Any CPU
		{E34FF8FA-9560-4140-901E-B1CB0454DA80}.Debug|Any CPU.Build.0 = Debug|Any CPU
		{E34FF8FA-9560-4140-901E-B1CB0454DA80}.Release|Any CPU.ActiveCfg = Release|Any CPU
		{E34FF8FA-9560-4140-901E-B1CB0454DA80}.Release|Any CPU.Build.0 = Release|Any CPU
	EndGlobalSection
	GlobalSection(SolutionProperties) = preSolution
		HideSolutionNode = FALSE
	EndGlobalSection
	GlobalSection(ExtensibilityGlobals) = postSolution
		SolutionGuid = {35148A7B-C74C-4643-88CB-D372E41C244A}
	EndGlobalSection
EndGlobal
